// !$*UTF8*$!
{
	archiveVersion = 1;
	classes = {
	};
	objectVersion = 55;
	objects = {

/* Begin PBXBuildFile section */
		4F353AF6280089AF0021E11B /* AppDelegate.swift in Sources */ = {isa = PBXBuildFile; fileRef = 4F353AF5280089AF0021E11B /* AppDelegate.swift */; };
		4F353AFF280089B10021E11B /* Assets.xcassets in Resources */ = {isa = PBXBuildFile; fileRef = 4F353AFE280089B10021E11B /* Assets.xcassets */; };
		4F353B02280089B10021E11B /* LaunchScreen.storyboard in Resources */ = {isa = PBXBuildFile; fileRef = 4F353B00280089B10021E11B /* LaunchScreen.storyboard */; };
		4F353B0B28008C500021E11B /* SnapKit in Frameworks */ = {isa = PBXBuildFile; productRef = 4F353B0A28008C500021E11B /* SnapKit */; };
		4F353B0E28008C920021E11B /* Kingfisher in Frameworks */ = {isa = PBXBuildFile; productRef = 4F353B0D28008C920021E11B /* Kingfisher */; };
		4F353B1128008D190021E11B /* ProgressHUD in Frameworks */ = {isa = PBXBuildFile; productRef = 4F353B1028008D190021E11B /* ProgressHUD */; };
		4F353B142800A4D60021E11B /* BaseCoordinator.swift in Sources */ = {isa = PBXBuildFile; fileRef = 4F353B132800A4D60021E11B /* BaseCoordinator.swift */; };
		4F353B162800A4F90021E11B /* Coordinatable.swift in Sources */ = {isa = PBXBuildFile; fileRef = 4F353B152800A4F90021E11B /* Coordinatable.swift */; };
		4F353B182800A5160021E11B /* DeepLinkOption.swift in Sources */ = {isa = PBXBuildFile; fileRef = 4F353B172800A5160021E11B /* DeepLinkOption.swift */; };
		4F353B1A2800A5320021E11B /* Router.swift in Sources */ = {isa = PBXBuildFile; fileRef = 4F353B192800A5320021E11B /* Router.swift */; };
		4F353B1C2800A5480021E11B /* Presentable.swift in Sources */ = {isa = PBXBuildFile; fileRef = 4F353B1B2800A5480021E11B /* Presentable.swift */; };
		4F353B1E2800A55F0021E11B /* Routable.swift in Sources */ = {isa = PBXBuildFile; fileRef = 4F353B1D2800A55F0021E11B /* Routable.swift */; };
		4F353B202800A5740021E11B /* UIApplication.swift in Sources */ = {isa = PBXBuildFile; fileRef = 4F353B1F2800A5740021E11B /* UIApplication.swift */; };
		4F353B2928044AB40021E11B /* ApplicationCoordinator.swift in Sources */ = {isa = PBXBuildFile; fileRef = 4F353B2828044AB40021E11B /* ApplicationCoordinator.swift */; };
		4F353B30280458BF0021E11B /* MainCoordinator.swift in Sources */ = {isa = PBXBuildFile; fileRef = 4F353B2F280458BF0021E11B /* MainCoordinator.swift */; };
		4F353B32280458D40021E11B /* MainCoordinatorOutput.swift in Sources */ = {isa = PBXBuildFile; fileRef = 4F353B31280458D40021E11B /* MainCoordinatorOutput.swift */; };
		4F353B36280459DB0021E11B /* Closures.swift in Sources */ = {isa = PBXBuildFile; fileRef = 4F353B35280459DB0021E11B /* Closures.swift */; };
		4F353B3928045D7C0021E11B /* MainModuleConfigurator.swift in Sources */ = {isa = PBXBuildFile; fileRef = 4F353B3828045D7C0021E11B /* MainModuleConfigurator.swift */; };
		4F353B3B28045DB80021E11B /* MainViewController.swift in Sources */ = {isa = PBXBuildFile; fileRef = 4F353B3A28045DB80021E11B /* MainViewController.swift */; };
		4F353B3D28045DC20021E11B /* MainViewModel.swift in Sources */ = {isa = PBXBuildFile; fileRef = 4F353B3C28045DC20021E11B /* MainViewModel.swift */; };
		4F353B4028047AAB0021E11B /* MainViewInput.swift in Sources */ = {isa = PBXBuildFile; fileRef = 4F353B3F28047AAB0021E11B /* MainViewInput.swift */; };
		4F353B432804806E0021E11B /* MainViewModelling.swift in Sources */ = {isa = PBXBuildFile; fileRef = 4F353B422804806E0021E11B /* MainViewModelling.swift */; };
		4F353B452804853B0021E11B /* MainViewModuleOutput.swift in Sources */ = {isa = PBXBuildFile; fileRef = 4F353B442804853B0021E11B /* MainViewModuleOutput.swift */; };
		4F353B4B28048FB40021E11B /* CardModels.swift in Sources */ = {isa = PBXBuildFile; fileRef = 4F353B4A28048FB40021E11B /* CardModels.swift */; };
		4F353B4E280494BB0021E11B /* CardService.swift in Sources */ = {isa = PBXBuildFile; fileRef = 4F353B4D280494BB0021E11B /* CardService.swift */; };
		4F353B50280497CE0021E11B /* Reachability.swift in Sources */ = {isa = PBXBuildFile; fileRef = 4F353B4F280497CE0021E11B /* Reachability.swift */; };
		4F353B52280498410021E11B /* CustomError.swift in Sources */ = {isa = PBXBuildFile; fileRef = 4F353B51280498410021E11B /* CustomError.swift */; };
		4F353B5528056C110021E11B /* ViewState.swift in Sources */ = {isa = PBXBuildFile; fileRef = 4F353B5428056C110021E11B /* ViewState.swift */; };
		4F353B572805898F0021E11B /* CardListCell.swift in Sources */ = {isa = PBXBuildFile; fileRef = 4F353B562805898F0021E11B /* CardListCell.swift */; };
		4F353B59280594330021E11B /* UIColor.swift in Sources */ = {isa = PBXBuildFile; fileRef = 4F353B58280594330021E11B /* UIColor.swift */; };
		4F353B5D2805D4160021E11B /* UIImage + Assets.swift in Sources */ = {isa = PBXBuildFile; fileRef = 4F353B5C2805D4160021E11B /* UIImage + Assets.swift */; };
		4F353B5F2805D9EE0021E11B /* UIViewController.swift in Sources */ = {isa = PBXBuildFile; fileRef = 4F353B5E2805D9EE0021E11B /* UIViewController.swift */; };
		4F353B612805E6D80021E11B /* UIViewController + Alert.swift in Sources */ = {isa = PBXBuildFile; fileRef = 4F353B602805E6D80021E11B /* UIViewController + Alert.swift */; };
/* End PBXBuildFile section */

/* Begin PBXFileReference section */
		4F353AF2280089AF0021E11B /* YuGiOh.app */ = {isa = PBXFileReference; explicitFileType = wrapper.application; includeInIndex = 0; path = YuGiOh.app; sourceTree = BUILT_PRODUCTS_DIR; };
		4F353AF5280089AF0021E11B /* AppDelegate.swift */ = {isa = PBXFileReference; lastKnownFileType = sourcecode.swift; path = AppDelegate.swift; sourceTree = "<group>"; };
		4F353AFE280089B10021E11B /* Assets.xcassets */ = {isa = PBXFileReference; lastKnownFileType = folder.assetcatalog; path = Assets.xcassets; sourceTree = "<group>"; };
		4F353B01280089B10021E11B /* Base */ = {isa = PBXFileReference; lastKnownFileType = file.storyboard; name = Base; path = Base.lproj/LaunchScreen.storyboard; sourceTree = "<group>"; };
		4F353B03280089B10021E11B /* Info.plist */ = {isa = PBXFileReference; lastKnownFileType = text.plist.xml; path = Info.plist; sourceTree = "<group>"; };
		4F353B132800A4D60021E11B /* BaseCoordinator.swift */ = {isa = PBXFileReference; lastKnownFileType = sourcecode.swift; path = BaseCoordinator.swift; sourceTree = "<group>"; };
		4F353B152800A4F90021E11B /* Coordinatable.swift */ = {isa = PBXFileReference; lastKnownFileType = sourcecode.swift; path = Coordinatable.swift; sourceTree = "<group>"; };
		4F353B172800A5160021E11B /* DeepLinkOption.swift */ = {isa = PBXFileReference; lastKnownFileType = sourcecode.swift; path = DeepLinkOption.swift; sourceTree = "<group>"; };
		4F353B192800A5320021E11B /* Router.swift */ = {isa = PBXFileReference; lastKnownFileType = sourcecode.swift; path = Router.swift; sourceTree = "<group>"; };
		4F353B1B2800A5480021E11B /* Presentable.swift */ = {isa = PBXFileReference; lastKnownFileType = sourcecode.swift; path = Presentable.swift; sourceTree = "<group>"; };
		4F353B1D2800A55F0021E11B /* Routable.swift */ = {isa = PBXFileReference; lastKnownFileType = sourcecode.swift; path = Routable.swift; sourceTree = "<group>"; };
		4F353B1F2800A5740021E11B /* UIApplication.swift */ = {isa = PBXFileReference; lastKnownFileType = sourcecode.swift; path = UIApplication.swift; sourceTree = "<group>"; };
		4F353B2828044AB40021E11B /* ApplicationCoordinator.swift */ = {isa = PBXFileReference; lastKnownFileType = sourcecode.swift; path = ApplicationCoordinator.swift; sourceTree = "<group>"; };
		4F353B2F280458BF0021E11B /* MainCoordinator.swift */ = {isa = PBXFileReference; lastKnownFileType = sourcecode.swift; path = MainCoordinator.swift; sourceTree = "<group>"; };
		4F353B31280458D40021E11B /* MainCoordinatorOutput.swift */ = {isa = PBXFileReference; lastKnownFileType = sourcecode.swift; path = MainCoordinatorOutput.swift; sourceTree = "<group>"; };
		4F353B35280459DB0021E11B /* Closures.swift */ = {isa = PBXFileReference; lastKnownFileType = sourcecode.swift; path = Closures.swift; sourceTree = "<group>"; };
		4F353B3828045D7C0021E11B /* MainModuleConfigurator.swift */ = {isa = PBXFileReference; lastKnownFileType = sourcecode.swift; path = MainModuleConfigurator.swift; sourceTree = "<group>"; };
		4F353B3A28045DB80021E11B /* MainViewController.swift */ = {isa = PBXFileReference; lastKnownFileType = sourcecode.swift; path = MainViewController.swift; sourceTree = "<group>"; };
		4F353B3C28045DC20021E11B /* MainViewModel.swift */ = {isa = PBXFileReference; lastKnownFileType = sourcecode.swift; path = MainViewModel.swift; sourceTree = "<group>"; };
		4F353B3F28047AAB0021E11B /* MainViewInput.swift */ = {isa = PBXFileReference; lastKnownFileType = sourcecode.swift; path = MainViewInput.swift; sourceTree = "<group>"; };
		4F353B422804806E0021E11B /* MainViewModelling.swift */ = {isa = PBXFileReference; lastKnownFileType = sourcecode.swift; path = MainViewModelling.swift; sourceTree = "<group>"; };
		4F353B442804853B0021E11B /* MainViewModuleOutput.swift */ = {isa = PBXFileReference; lastKnownFileType = sourcecode.swift; path = MainViewModuleOutput.swift; sourceTree = "<group>"; };
		4F353B4A28048FB40021E11B /* CardModels.swift */ = {isa = PBXFileReference; lastKnownFileType = sourcecode.swift; path = CardModels.swift; sourceTree = "<group>"; };
		4F353B4D280494BB0021E11B /* CardService.swift */ = {isa = PBXFileReference; lastKnownFileType = sourcecode.swift; path = CardService.swift; sourceTree = "<group>"; };
		4F353B4F280497CE0021E11B /* Reachability.swift */ = {isa = PBXFileReference; lastKnownFileType = sourcecode.swift; path = Reachability.swift; sourceTree = "<group>"; };
		4F353B51280498410021E11B /* CustomError.swift */ = {isa = PBXFileReference; lastKnownFileType = sourcecode.swift; path = CustomError.swift; sourceTree = "<group>"; };
		4F353B5428056C110021E11B /* ViewState.swift */ = {isa = PBXFileReference; lastKnownFileType = sourcecode.swift; path = ViewState.swift; sourceTree = "<group>"; };
		4F353B562805898F0021E11B /* CardListCell.swift */ = {isa = PBXFileReference; lastKnownFileType = sourcecode.swift; path = CardListCell.swift; sourceTree = "<group>"; };
		4F353B58280594330021E11B /* UIColor.swift */ = {isa = PBXFileReference; lastKnownFileType = sourcecode.swift; path = UIColor.swift; sourceTree = "<group>"; };
		4F353B5C2805D4160021E11B /* UIImage + Assets.swift */ = {isa = PBXFileReference; lastKnownFileType = sourcecode.swift; path = "UIImage + Assets.swift"; sourceTree = "<group>"; };
		4F353B5E2805D9EE0021E11B /* UIViewController.swift */ = {isa = PBXFileReference; lastKnownFileType = sourcecode.swift; path = UIViewController.swift; sourceTree = "<group>"; };
		4F353B602805E6D80021E11B /* UIViewController + Alert.swift */ = {isa = PBXFileReference; lastKnownFileType = sourcecode.swift; path = "UIViewController + Alert.swift"; sourceTree = "<group>"; };
/* End PBXFileReference section */

/* Begin PBXFrameworksBuildPhase section */
		4F353AEF280089AF0021E11B /* Frameworks */ = {
			isa = PBXFrameworksBuildPhase;
			buildActionMask = 2147483647;
			files = (
				4F353B1128008D190021E11B /* ProgressHUD in Frameworks */,
				4F353B0E28008C920021E11B /* Kingfisher in Frameworks */,
				4F353B0B28008C500021E11B /* SnapKit in Frameworks */,
			);
			runOnlyForDeploymentPostprocessing = 0;
		};
/* End PBXFrameworksBuildPhase section */

/* Begin PBXGroup section */
		4F353AE9280089AF0021E11B = {
			isa = PBXGroup;
			children = (
				4F353AF4280089AF0021E11B /* YuGiOh */,
				4F353AF3280089AF0021E11B /* Products */,
			);
			sourceTree = "<group>";
		};
		4F353AF3280089AF0021E11B /* Products */ = {
			isa = PBXGroup;
			children = (
				4F353AF2280089AF0021E11B /* YuGiOh.app */,
			);
			name = Products;
			sourceTree = "<group>";
		};
		4F353AF4280089AF0021E11B /* YuGiOh */ = {
			isa = PBXGroup;
			children = (
				4F353B2A28044C7E0021E11B /* Application */,
				4F353B4928048FA50021E11B /* Models */,
				4F353B4C280490820021E11B /* Services */,
				4F353B2D280455CF0021E11B /* Flows */,
				4F353B212804476C0021E11B /* Library */,
				4F353B33280459C40021E11B /* Resources */,
			);
			path = YuGiOh;
			sourceTree = "<group>";
		};
		4F353B212804476C0021E11B /* Library */ = {
			isa = PBXGroup;
			children = (
				4F353B5328056C050021E11B /* State */,
				4F353B25280448D80021E11B /* Extensions */,
				4F353B24280448CD0021E11B /* Helpers */,
				4F353B232804481F0021E11B /* Protocols */,
				4F353B222804479E0021E11B /* Base */,
				4F353B51280498410021E11B /* CustomError.swift */,
			);
			path = Library;
			sourceTree = "<group>";
		};
		4F353B222804479E0021E11B /* Base */ = {
			isa = PBXGroup;
			children = (
				4F353B132800A4D60021E11B /* BaseCoordinator.swift */,
			);
			path = Base;
			sourceTree = "<group>";
		};
		4F353B232804481F0021E11B /* Protocols */ = {
			isa = PBXGroup;
			children = (
				4F353B1B2800A5480021E11B /* Presentable.swift */,
				4F353B152800A4F90021E11B /* Coordinatable.swift */,
				4F353B1D2800A55F0021E11B /* Routable.swift */,
			);
			path = Protocols;
			sourceTree = "<group>";
		};
		4F353B24280448CD0021E11B /* Helpers */ = {
			isa = PBXGroup;
			children = (
				4F353B192800A5320021E11B /* Router.swift */,
				4F353B4F280497CE0021E11B /* Reachability.swift */,
			);
			path = Helpers;
			sourceTree = "<group>";
		};
		4F353B25280448D80021E11B /* Extensions */ = {
			isa = PBXGroup;
			children = (
				4F353B1F2800A5740021E11B /* UIApplication.swift */,
				4F353B58280594330021E11B /* UIColor.swift */,
				4F353B5C2805D4160021E11B /* UIImage + Assets.swift */,
				4F353B5E2805D9EE0021E11B /* UIViewController.swift */,
				4F353B602805E6D80021E11B /* UIViewController + Alert.swift */,
			);
			path = Extensions;
			sourceTree = "<group>";
		};
		4F353B2A28044C7E0021E11B /* Application */ = {
			isa = PBXGroup;
			children = (
				4F353B2828044AB40021E11B /* ApplicationCoordinator.swift */,
				4F353AF5280089AF0021E11B /* AppDelegate.swift */,
				4F353B172800A5160021E11B /* DeepLinkOption.swift */,
				4F353B00280089B10021E11B /* LaunchScreen.storyboard */,
				4F353B03280089B10021E11B /* Info.plist */,
			);
			path = Application;
			sourceTree = "<group>";
		};
		4F353B2D280455CF0021E11B /* Flows */ = {
			isa = PBXGroup;
			children = (
				4F353B2E280455E00021E11B /* Main */,
			);
			path = Flows;
			sourceTree = "<group>";
		};
		4F353B2E280455E00021E11B /* Main */ = {
			isa = PBXGroup;
			children = (
				4F353B31280458D40021E11B /* MainCoordinatorOutput.swift */,
				4F353B2F280458BF0021E11B /* MainCoordinator.swift */,
				4F353B3728045C960021E11B /* Main */,
			);
			path = Main;
			sourceTree = "<group>";
		};
		4F353B33280459C40021E11B /* Resources */ = {
			isa = PBXGroup;
			children = (
				4F353AFE280089B10021E11B /* Assets.xcassets */,
				4F353B34280459D20021E11B /* Constants */,
			);
			path = Resources;
			sourceTree = "<group>";
		};
		4F353B34280459D20021E11B /* Constants */ = {
			isa = PBXGroup;
			children = (
				4F353B35280459DB0021E11B /* Closures.swift */,
			);
			path = Constants;
			sourceTree = "<group>";
		};
		4F353B3728045C960021E11B /* Main */ = {
			isa = PBXGroup;
			children = (
				4F353B3828045D7C0021E11B /* MainModuleConfigurator.swift */,
				4F353B412804804E0021E11B /* ViewModel */,
				4F353B3E28047A930021E11B /* View */,
			);
			path = Main;
			sourceTree = "<group>";
		};
		4F353B3E28047A930021E11B /* View */ = {
			isa = PBXGroup;
			children = (
				4F353B3A28045DB80021E11B /* MainViewController.swift */,
				4F353B562805898F0021E11B /* CardListCell.swift */,
				4F353B3F28047AAB0021E11B /* MainViewInput.swift */,
			);
			path = View;
			sourceTree = "<group>";
		};
		4F353B412804804E0021E11B /* ViewModel */ = {
			isa = PBXGroup;
			children = (
				4F353B3C28045DC20021E11B /* MainViewModel.swift */,
				4F353B422804806E0021E11B /* MainViewModelling.swift */,
				4F353B442804853B0021E11B /* MainViewModuleOutput.swift */,
			);
			path = ViewModel;
			sourceTree = "<group>";
		};
		4F353B4928048FA50021E11B /* Models */ = {
			isa = PBXGroup;
			children = (
				4F353B4A28048FB40021E11B /* CardModels.swift */,
			);
			path = Models;
			sourceTree = "<group>";
		};
		4F353B4C280490820021E11B /* Services */ = {
			isa = PBXGroup;
			children = (
				4F353B4D280494BB0021E11B /* CardService.swift */,
			);
			path = Services;
			sourceTree = "<group>";
		};
		4F353B5328056C050021E11B /* State */ = {
			isa = PBXGroup;
			children = (
				4F353B5428056C110021E11B /* ViewState.swift */,
			);
			path = State;
			sourceTree = "<group>";
		};
/* End PBXGroup section */

/* Begin PBXNativeTarget section */
		4F353AF1280089AF0021E11B /* YuGiOh */ = {
			isa = PBXNativeTarget;
			buildConfigurationList = 4F353B06280089B10021E11B /* Build configuration list for PBXNativeTarget "YuGiOh" */;
			buildPhases = (
				4F353AEE280089AF0021E11B /* Sources */,
				4F353AEF280089AF0021E11B /* Frameworks */,
				4F353AF0280089AF0021E11B /* Resources */,
			);
			buildRules = (
			);
			dependencies = (
			);
			name = YuGiOh;
			packageProductDependencies = (
				4F353B0A28008C500021E11B /* SnapKit */,
				4F353B0D28008C920021E11B /* Kingfisher */,
				4F353B1028008D190021E11B /* ProgressHUD */,
			);
			productName = YuGiOh;
			productReference = 4F353AF2280089AF0021E11B /* YuGiOh.app */;
			productType = "com.apple.product-type.application";
		};
/* End PBXNativeTarget section */

/* Begin PBXProject section */
		4F353AEA280089AF0021E11B /* Project object */ = {
			isa = PBXProject;
			attributes = {
				BuildIndependentTargetsInParallel = 1;
				LastSwiftUpdateCheck = 1320;
				LastUpgradeCheck = 1320;
				TargetAttributes = {
					4F353AF1280089AF0021E11B = {
						CreatedOnToolsVersion = 13.2.1;
					};
				};
			};
			buildConfigurationList = 4F353AED280089AF0021E11B /* Build configuration list for PBXProject "YuGiOh" */;
			compatibilityVersion = "Xcode 13.0";
			developmentRegion = en;
			hasScannedForEncodings = 0;
			knownRegions = (
				en,
				Base,
			);
			mainGroup = 4F353AE9280089AF0021E11B;
			packageReferences = (
				4F353B0928008C500021E11B /* XCRemoteSwiftPackageReference "SnapKit" */,
				4F353B0C28008C920021E11B /* XCRemoteSwiftPackageReference "Kingfisher" */,
				4F353B0F28008D190021E11B /* XCRemoteSwiftPackageReference "ProgressHUD" */,
			);
			productRefGroup = 4F353AF3280089AF0021E11B /* Products */;
			projectDirPath = "";
			projectRoot = "";
			targets = (
				4F353AF1280089AF0021E11B /* YuGiOh */,
			);
		};
/* End PBXProject section */

/* Begin PBXResourcesBuildPhase section */
		4F353AF0280089AF0021E11B /* Resources */ = {
			isa = PBXResourcesBuildPhase;
			buildActionMask = 2147483647;
			files = (
				4F353B02280089B10021E11B /* LaunchScreen.storyboard in Resources */,
				4F353AFF280089B10021E11B /* Assets.xcassets in Resources */,
			);
			runOnlyForDeploymentPostprocessing = 0;
		};
/* End PBXResourcesBuildPhase section */

/* Begin PBXSourcesBuildPhase section */
		4F353AEE280089AF0021E11B /* Sources */ = {
			isa = PBXSourcesBuildPhase;
			buildActionMask = 2147483647;
			files = (
				4F353B202800A5740021E11B /* UIApplication.swift in Sources */,
				4F353B1E2800A55F0021E11B /* Routable.swift in Sources */,
				4F353B5F2805D9EE0021E11B /* UIViewController.swift in Sources */,
				4F353B162800A4F90021E11B /* Coordinatable.swift in Sources */,
				4F353B572805898F0021E11B /* CardListCell.swift in Sources */,
				4F353B612805E6D80021E11B /* UIViewController + Alert.swift in Sources */,
				4F353B30280458BF0021E11B /* MainCoordinator.swift in Sources */,
				4F353B3928045D7C0021E11B /* MainModuleConfigurator.swift in Sources */,
				4F353B3D28045DC20021E11B /* MainViewModel.swift in Sources */,
				4F353B142800A4D60021E11B /* BaseCoordinator.swift in Sources */,
				4F353B52280498410021E11B /* CustomError.swift in Sources */,
				4F353B5528056C110021E11B /* ViewState.swift in Sources */,
				4F353B36280459DB0021E11B /* Closures.swift in Sources */,
				4F353B3B28045DB80021E11B /* MainViewController.swift in Sources */,
				4F353B2928044AB40021E11B /* ApplicationCoordinator.swift in Sources */,
				4F353B182800A5160021E11B /* DeepLinkOption.swift in Sources */,
				4F353B4E280494BB0021E11B /* CardService.swift in Sources */,
				4F353AF6280089AF0021E11B /* AppDelegate.swift in Sources */,
				4F353B32280458D40021E11B /* MainCoordinatorOutput.swift in Sources */,
				4F353B50280497CE0021E11B /* Reachability.swift in Sources */,
				4F353B5D2805D4160021E11B /* UIImage + Assets.swift in Sources */,
				4F353B4B28048FB40021E11B /* CardModels.swift in Sources */,
				4F353B59280594330021E11B /* UIColor.swift in Sources */,
				4F353B432804806E0021E11B /* MainViewModelling.swift in Sources */,
				4F353B452804853B0021E11B /* MainViewModuleOutput.swift in Sources */,
				4F353B1A2800A5320021E11B /* Router.swift in Sources */,
				4F353B4028047AAB0021E11B /* MainViewInput.swift in Sources */,
				4F353B1C2800A5480021E11B /* Presentable.swift in Sources */,
			);
			runOnlyForDeploymentPostprocessing = 0;
		};
/* End PBXSourcesBuildPhase section */

/* Begin PBXVariantGroup section */
		4F353B00280089B10021E11B /* LaunchScreen.storyboard */ = {
			isa = PBXVariantGroup;
			children = (
				4F353B01280089B10021E11B /* Base */,
			);
			name = LaunchScreen.storyboard;
			sourceTree = "<group>";
		};
/* End PBXVariantGroup section */

/* Begin XCBuildConfiguration section */
		4F353B04280089B10021E11B /* Debug */ = {
			isa = XCBuildConfiguration;
			buildSettings = {
				ALWAYS_SEARCH_USER_PATHS = NO;
				CLANG_ANALYZER_NONNULL = YES;
				CLANG_ANALYZER_NUMBER_OBJECT_CONVERSION = YES_AGGRESSIVE;
				CLANG_CXX_LANGUAGE_STANDARD = "gnu++17";
				CLANG_CXX_LIBRARY = "libc++";
				CLANG_ENABLE_MODULES = YES;
				CLANG_ENABLE_OBJC_ARC = YES;
				CLANG_ENABLE_OBJC_WEAK = YES;
				CLANG_WARN_BLOCK_CAPTURE_AUTORELEASING = YES;
				CLANG_WARN_BOOL_CONVERSION = YES;
				CLANG_WARN_COMMA = YES;
				CLANG_WARN_CONSTANT_CONVERSION = YES;
				CLANG_WARN_DEPRECATED_OBJC_IMPLEMENTATIONS = YES;
				CLANG_WARN_DIRECT_OBJC_ISA_USAGE = YES_ERROR;
				CLANG_WARN_DOCUMENTATION_COMMENTS = YES;
				CLANG_WARN_EMPTY_BODY = YES;
				CLANG_WARN_ENUM_CONVERSION = YES;
				CLANG_WARN_INFINITE_RECURSION = YES;
				CLANG_WARN_INT_CONVERSION = YES;
				CLANG_WARN_NON_LITERAL_NULL_CONVERSION = YES;
				CLANG_WARN_OBJC_IMPLICIT_RETAIN_SELF = YES;
				CLANG_WARN_OBJC_LITERAL_CONVERSION = YES;
				CLANG_WARN_OBJC_ROOT_CLASS = YES_ERROR;
				CLANG_WARN_QUOTED_INCLUDE_IN_FRAMEWORK_HEADER = YES;
				CLANG_WARN_RANGE_LOOP_ANALYSIS = YES;
				CLANG_WARN_STRICT_PROTOTYPES = YES;
				CLANG_WARN_SUSPICIOUS_MOVE = YES;
				CLANG_WARN_UNGUARDED_AVAILABILITY = YES_AGGRESSIVE;
				CLANG_WARN_UNREACHABLE_CODE = YES;
				CLANG_WARN__DUPLICATE_METHOD_MATCH = YES;
				COPY_PHASE_STRIP = NO;
				DEBUG_INFORMATION_FORMAT = dwarf;
				ENABLE_STRICT_OBJC_MSGSEND = YES;
				ENABLE_TESTABILITY = YES;
				GCC_C_LANGUAGE_STANDARD = gnu11;
				GCC_DYNAMIC_NO_PIC = NO;
				GCC_NO_COMMON_BLOCKS = YES;
				GCC_OPTIMIZATION_LEVEL = 0;
				GCC_PREPROCESSOR_DEFINITIONS = (
					"DEBUG=1",
					"$(inherited)",
				);
				GCC_WARN_64_TO_32_BIT_CONVERSION = YES;
				GCC_WARN_ABOUT_RETURN_TYPE = YES_ERROR;
				GCC_WARN_UNDECLARED_SELECTOR = YES;
				GCC_WARN_UNINITIALIZED_AUTOS = YES_AGGRESSIVE;
				GCC_WARN_UNUSED_FUNCTION = YES;
				GCC_WARN_UNUSED_VARIABLE = YES;
				IPHONEOS_DEPLOYMENT_TARGET = 13.0;
				MTL_ENABLE_DEBUG_INFO = INCLUDE_SOURCE;
				MTL_FAST_MATH = YES;
				ONLY_ACTIVE_ARCH = YES;
				SDKROOT = iphoneos;
				SWIFT_ACTIVE_COMPILATION_CONDITIONS = DEBUG;
				SWIFT_OPTIMIZATION_LEVEL = "-Onone";
			};
			name = Debug;
		};
		4F353B05280089B10021E11B /* Release */ = {
			isa = XCBuildConfiguration;
			buildSettings = {
				ALWAYS_SEARCH_USER_PATHS = NO;
				CLANG_ANALYZER_NONNULL = YES;
				CLANG_ANALYZER_NUMBER_OBJECT_CONVERSION = YES_AGGRESSIVE;
				CLANG_CXX_LANGUAGE_STANDARD = "gnu++17";
				CLANG_CXX_LIBRARY = "libc++";
				CLANG_ENABLE_MODULES = YES;
				CLANG_ENABLE_OBJC_ARC = YES;
				CLANG_ENABLE_OBJC_WEAK = YES;
				CLANG_WARN_BLOCK_CAPTURE_AUTORELEASING = YES;
				CLANG_WARN_BOOL_CONVERSION = YES;
				CLANG_WARN_COMMA = YES;
				CLANG_WARN_CONSTANT_CONVERSION = YES;
				CLANG_WARN_DEPRECATED_OBJC_IMPLEMENTATIONS = YES;
				CLANG_WARN_DIRECT_OBJC_ISA_USAGE = YES_ERROR;
				CLANG_WARN_DOCUMENTATION_COMMENTS = YES;
				CLANG_WARN_EMPTY_BODY = YES;
				CLANG_WARN_ENUM_CONVERSION = YES;
				CLANG_WARN_INFINITE_RECURSION = YES;
				CLANG_WARN_INT_CONVERSION = YES;
				CLANG_WARN_NON_LITERAL_NULL_CONVERSION = YES;
				CLANG_WARN_OBJC_IMPLICIT_RETAIN_SELF = YES;
				CLANG_WARN_OBJC_LITERAL_CONVERSION = YES;
				CLANG_WARN_OBJC_ROOT_CLASS = YES_ERROR;
				CLANG_WARN_QUOTED_INCLUDE_IN_FRAMEWORK_HEADER = YES;
				CLANG_WARN_RANGE_LOOP_ANALYSIS = YES;
				CLANG_WARN_STRICT_PROTOTYPES = YES;
				CLANG_WARN_SUSPICIOUS_MOVE = YES;
				CLANG_WARN_UNGUARDED_AVAILABILITY = YES_AGGRESSIVE;
				CLANG_WARN_UNREACHABLE_CODE = YES;
				CLANG_WARN__DUPLICATE_METHOD_MATCH = YES;
				COPY_PHASE_STRIP = NO;
				DEBUG_INFORMATION_FORMAT = "dwarf-with-dsym";
				ENABLE_NS_ASSERTIONS = NO;
				ENABLE_STRICT_OBJC_MSGSEND = YES;
				GCC_C_LANGUAGE_STANDARD = gnu11;
				GCC_NO_COMMON_BLOCKS = YES;
				GCC_WARN_64_TO_32_BIT_CONVERSION = YES;
				GCC_WARN_ABOUT_RETURN_TYPE = YES_ERROR;
				GCC_WARN_UNDECLARED_SELECTOR = YES;
				GCC_WARN_UNINITIALIZED_AUTOS = YES_AGGRESSIVE;
				GCC_WARN_UNUSED_FUNCTION = YES;
				GCC_WARN_UNUSED_VARIABLE = YES;
				IPHONEOS_DEPLOYMENT_TARGET = 13.0;
				MTL_ENABLE_DEBUG_INFO = NO;
				MTL_FAST_MATH = YES;
				SDKROOT = iphoneos;
				SWIFT_COMPILATION_MODE = wholemodule;
				SWIFT_OPTIMIZATION_LEVEL = "-O";
				VALIDATE_PRODUCT = YES;
			};
			name = Release;
		};
		4F353B07280089B10021E11B /* Debug */ = {
			isa = XCBuildConfiguration;
			buildSettings = {
				ASSETCATALOG_COMPILER_APPICON_NAME = AppIcon;
				ASSETCATALOG_COMPILER_GLOBAL_ACCENT_COLOR_NAME = AccentColor;
				CODE_SIGN_STYLE = Automatic;
				CURRENT_PROJECT_VERSION = 1;
				DEVELOPMENT_TEAM = 28423D34T2;
				GENERATE_INFOPLIST_FILE = YES;
				INFOPLIST_FILE = YuGiOh/Application/Info.plist;
				INFOPLIST_KEY_UIApplicationSupportsIndirectInputEvents = YES;
				INFOPLIST_KEY_UILaunchStoryboardName = LaunchScreen;
				INFOPLIST_KEY_UIStatusBarHidden = NO;
				INFOPLIST_KEY_UISupportedInterfaceOrientations = UIInterfaceOrientationPortrait;
				INFOPLIST_KEY_UISupportedInterfaceOrientations_iPad = "UIInterfaceOrientationPortrait UIInterfaceOrientationPortraitUpsideDown UIInterfaceOrientationLandscapeLeft UIInterfaceOrientationLandscapeRight";
				INFOPLIST_KEY_UISupportedInterfaceOrientations_iPhone = "UIInterfaceOrientationPortrait UIInterfaceOrientationLandscapeLeft UIInterfaceOrientationLandscapeRight";
				IPHONEOS_DEPLOYMENT_TARGET = 13.0;
				LD_RUNPATH_SEARCH_PATHS = (
					"$(inherited)",
					"@executable_path/Frameworks",
				);
				MARKETING_VERSION = 1.0;
				PRODUCT_BUNDLE_IDENTIFIER = eatsthesoul.YuGiOh;
				PRODUCT_NAME = "$(TARGET_NAME)";
				SWIFT_EMIT_LOC_STRINGS = YES;
				SWIFT_VERSION = 5.0;
				TARGETED_DEVICE_FAMILY = "1,2";
			};
			name = Debug;
		};
		4F353B08280089B10021E11B /* Release */ = {
			isa = XCBuildConfiguration;
			buildSettings = {
				ASSETCATALOG_COMPILER_APPICON_NAME = AppIcon;
				ASSETCATALOG_COMPILER_GLOBAL_ACCENT_COLOR_NAME = AccentColor;
				CODE_SIGN_STYLE = Automatic;
				CURRENT_PROJECT_VERSION = 1;
				DEVELOPMENT_TEAM = 28423D34T2;
				GENERATE_INFOPLIST_FILE = YES;
				INFOPLIST_FILE = YuGiOh/Application/Info.plist;
				INFOPLIST_KEY_UIApplicationSupportsIndirectInputEvents = YES;
				INFOPLIST_KEY_UILaunchStoryboardName = LaunchScreen;
				INFOPLIST_KEY_UIStatusBarHidden = NO;
				INFOPLIST_KEY_UISupportedInterfaceOrientations = UIInterfaceOrientationPortrait;
				INFOPLIST_KEY_UISupportedInterfaceOrientations_iPad = "UIInterfaceOrientationPortrait UIInterfaceOrientationPortraitUpsideDown UIInterfaceOrientationLandscapeLeft UIInterfaceOrientationLandscapeRight";
				INFOPLIST_KEY_UISupportedInterfaceOrientations_iPhone = "UIInterfaceOrientationPortrait UIInterfaceOrientationLandscapeLeft UIInterfaceOrientationLandscapeRight";
				IPHONEOS_DEPLOYMENT_TARGET = 13.0;
				LD_RUNPATH_SEARCH_PATHS = (
					"$(inherited)",
					"@executable_path/Frameworks",
				);
				MARKETING_VERSION = 1.0;
				PRODUCT_BUNDLE_IDENTIFIER = eatsthesoul.YuGiOh;
				PRODUCT_NAME = "$(TARGET_NAME)";
				SWIFT_EMIT_LOC_STRINGS = YES;
				SWIFT_VERSION = 5.0;
				TARGETED_DEVICE_FAMILY = "1,2";
			};
			name = Release;
		};
/* End XCBuildConfiguration section */

/* Begin XCConfigurationList section */
		4F353AED280089AF0021E11B /* Build configuration list for PBXProject "YuGiOh" */ = {
			isa = XCConfigurationList;
			buildConfigurations = (
				4F353B04280089B10021E11B /* Debug */,
				4F353B05280089B10021E11B /* Release */,
			);
			defaultConfigurationIsVisible = 0;
			defaultConfigurationName = Release;
		};
		4F353B06280089B10021E11B /* Build configuration list for PBXNativeTarget "YuGiOh" */ = {
			isa = XCConfigurationList;
			buildConfigurations = (
				4F353B07280089B10021E11B /* Debug */,
				4F353B08280089B10021E11B /* Release */,
			);
			defaultConfigurationIsVisible = 0;
			defaultConfigurationName = Release;
		};
/* End XCConfigurationList section */

/* Begin XCRemoteSwiftPackageReference section */
		4F353B0928008C500021E11B /* XCRemoteSwiftPackageReference "SnapKit" */ = {
			isa = XCRemoteSwiftPackageReference;
			repositoryURL = "https://github.com/SnapKit/SnapKit";
			requirement = {
				kind = upToNextMajorVersion;
				minimumVersion = 5.0.0;
			};
		};
		4F353B0C28008C920021E11B /* XCRemoteSwiftPackageReference "Kingfisher" */ = {
			isa = XCRemoteSwiftPackageReference;
			repositoryURL = "https://github.com/onevcat/Kingfisher";
			requirement = {
				kind = upToNextMajorVersion;
				minimumVersion = 7.0.0;
			};
		};
		4F353B0F28008D190021E11B /* XCRemoteSwiftPackageReference "ProgressHUD" */ = {
			isa = XCRemoteSwiftPackageReference;
			repositoryURL = "https://github.com/relatedcode/ProgressHUD";
			requirement = {
				kind = upToNextMajorVersion;
				minimumVersion = 13.0.0;
			};
		};
/* End XCRemoteSwiftPackageReference section */

/* Begin XCSwiftPackageProductDependency section */
		4F353B0A28008C500021E11B /* SnapKit */ = {
			isa = XCSwiftPackageProductDependency;
			package = 4F353B0928008C500021E11B /* XCRemoteSwiftPackageReference "SnapKit" */;
			productName = SnapKit;
		};
		4F353B0D28008C920021E11B /* Kingfisher */ = {
			isa = XCSwiftPackageProductDependency;
			package = 4F353B0C28008C920021E11B /* XCRemoteSwiftPackageReference "Kingfisher" */;
			productName = Kingfisher;
		};
		4F353B1028008D190021E11B /* ProgressHUD */ = {
			isa = XCSwiftPackageProductDependency;
			package = 4F353B0F28008D190021E11B /* XCRemoteSwiftPackageReference "ProgressHUD" */;
			productName = ProgressHUD;
		};
/* End XCSwiftPackageProductDependency section */
	};
	rootObject = 4F353AEA280089AF0021E11B /* Project object */;
}
